
Microsoft Visual Studio Solution File, Format Version 12.00
# Visual Studio Version 17
VisualStudioVersion = 17.1.32421.90
MinimumVisualStudioVersion = 10.0.40219.1
Project("{FAE04EC0-301F-11D3-BF4B-00C04F79EFBC}") = "NotesWPF", "NotesWPF.csproj", "{77798FBD-D8DB-4964-82B8-0B91698A8082}"
EndProject
Global
	GlobalSection(SolutionConfigurationPlatforms) = preSolution
		Debug|Any CPU = Debug|Any CPU
		Release|Any CPU = Release|Any CPU
	EndGlobalSection
	GlobalSection(ProjectConfigurationPlatforms) = postSolution
		{77798FBD-D8DB-4964-82B8-0B91698A8082}.Debug|Any CPU.ActiveCfg = Debug|Any CPU
		{77798FBD-D8DB-4964-82B8-0B91698A8082}.Debug|Any CPU.Build.0 = Debug|Any CPU
		{77798FBD-D8DB-4964-82B8-0B91698A8082}.Release|Any CPU.ActiveCfg = Release|Any CPU
		{77798FBD-D8DB-4964-82B8-0B91698A8082}.Release|Any CPU.Build.0 = Release|Any CPU
	EndGlobalSection
	GlobalSection(SolutionProperties) = preSolution
		HideSolutionNode = FALSE
	EndGlobalSection
	GlobalSection(ExtensibilityGlobals) = postSolution
		SolutionGuid = {5E32B16D-2A8A-4133-83F5-DA8608498E2C}
	EndGlobalSection
EndGlobal
